// !$*UTF8*$!
{
	archiveVersion = 1;
	classes = {
	};
	objectVersion = 50;
	objects = {

/* Begin PBXBuildFile section */
		7D81872025ABE9FF0076DC19 /* BluetoothManager.swift in Sources */ = {isa = PBXBuildFile; fileRef = 7D81871F25ABE9FF0076DC19 /* BluetoothManager.swift */; };
		7D81872325ABF1500076DC19 /* Extensions.swift in Sources */ = {isa = PBXBuildFile; fileRef = 7D81872225ABF1500076DC19 /* Extensions.swift */; };
		7D93E28825AAB38B00F37364 /* AppDelegate.swift in Sources */ = {isa = PBXBuildFile; fileRef = 7D93E28725AAB38B00F37364 /* AppDelegate.swift */; };
		7D93E28A25AAB38B00F37364 /* ViewController.swift in Sources */ = {isa = PBXBuildFile; fileRef = 7D93E28925AAB38B00F37364 /* ViewController.swift */; };
		7D93E28C25AAB38D00F37364 /* Assets.xcassets in Resources */ = {isa = PBXBuildFile; fileRef = 7D93E28B25AAB38D00F37364 /* Assets.xcassets */; };
		7D93E28F25AAB38D00F37364 /* Main.storyboard in Resources */ = {isa = PBXBuildFile; fileRef = 7D93E28D25AAB38D00F37364 /* Main.storyboard */; };
		7D93E29A25AAD2D400F37364 /* DeskPeripheral.swift in Sources */ = {isa = PBXBuildFile; fileRef = 7D93E29925AAD2D400F37364 /* DeskPeripheral.swift */; };
		7D93E29D25AB0BBB00F37364 /* DeskController.swift in Sources */ = {isa = PBXBuildFile; fileRef = 7D93E29C25AB0BBB00F37364 /* DeskController.swift */; };
		7D93E2A025AB203800F37364 /* TouchButton.swift in Sources */ = {isa = PBXBuildFile; fileRef = 7D93E29F25AB203800F37364 /* TouchButton.swift */; };
		7D93E2A425AB244500F37364 /* EventMonitor.swift in Sources */ = {isa = PBXBuildFile; fileRef = 7D93E2A325AB244500F37364 /* EventMonitor.swift */; };
/* End PBXBuildFile section */

/* Begin PBXFileReference section */
		7D81871F25ABE9FF0076DC19 /* BluetoothManager.swift */ = {isa = PBXFileReference; lastKnownFileType = sourcecode.swift; path = BluetoothManager.swift; sourceTree = "<group>"; };
		7D81872225ABF1500076DC19 /* Extensions.swift */ = {isa = PBXFileReference; lastKnownFileType = sourcecode.swift; path = Extensions.swift; sourceTree = "<group>"; };
		7D93E28425AAB38B00F37364 /* Desk Controller.app */ = {isa = PBXFileReference; explicitFileType = wrapper.application; includeInIndex = 0; path = "Desk Controller.app"; sourceTree = BUILT_PRODUCTS_DIR; };
		7D93E28725AAB38B00F37364 /* AppDelegate.swift */ = {isa = PBXFileReference; lastKnownFileType = sourcecode.swift; path = AppDelegate.swift; sourceTree = "<group>"; };
		7D93E28925AAB38B00F37364 /* ViewController.swift */ = {isa = PBXFileReference; lastKnownFileType = sourcecode.swift; path = ViewController.swift; sourceTree = "<group>"; };
		7D93E28B25AAB38D00F37364 /* Assets.xcassets */ = {isa = PBXFileReference; lastKnownFileType = folder.assetcatalog; path = Assets.xcassets; sourceTree = "<group>"; };
		7D93E28E25AAB38D00F37364 /* Base */ = {isa = PBXFileReference; lastKnownFileType = file.storyboard; name = Base; path = Base.lproj/Main.storyboard; sourceTree = "<group>"; };
		7D93E29025AAB38D00F37364 /* Info.plist */ = {isa = PBXFileReference; lastKnownFileType = text.plist.xml; path = Info.plist; sourceTree = "<group>"; };
		7D93E29125AAB38D00F37364 /* Desk_Controller.entitlements */ = {isa = PBXFileReference; lastKnownFileType = text.plist.entitlements; path = Desk_Controller.entitlements; sourceTree = "<group>"; };
		7D93E29925AAD2D400F37364 /* DeskPeripheral.swift */ = {isa = PBXFileReference; lastKnownFileType = sourcecode.swift; path = DeskPeripheral.swift; sourceTree = "<group>"; };
		7D93E29C25AB0BBB00F37364 /* DeskController.swift */ = {isa = PBXFileReference; lastKnownFileType = sourcecode.swift; path = DeskController.swift; sourceTree = "<group>"; };
		7D93E29F25AB203800F37364 /* TouchButton.swift */ = {isa = PBXFileReference; lastKnownFileType = sourcecode.swift; path = TouchButton.swift; sourceTree = "<group>"; };
		7D93E2A325AB244500F37364 /* EventMonitor.swift */ = {isa = PBXFileReference; fileEncoding = 4; lastKnownFileType = sourcecode.swift; path = EventMonitor.swift; sourceTree = "<group>"; };
/* End PBXFileReference section */

/* Begin PBXFrameworksBuildPhase section */
		7D93E28125AAB38B00F37364 /* Frameworks */ = {
			isa = PBXFrameworksBuildPhase;
			buildActionMask = 2147483647;
			files = (
			);
			runOnlyForDeploymentPostprocessing = 0;
		};
/* End PBXFrameworksBuildPhase section */

/* Begin PBXGroup section */
		7D93E27B25AAB38B00F37364 = {
			isa = PBXGroup;
			children = (
				7D93E28625AAB38B00F37364 /* Desk Controller */,
				7D93E28525AAB38B00F37364 /* Products */,
			);
			sourceTree = "<group>";
		};
		7D93E28525AAB38B00F37364 /* Products */ = {
			isa = PBXGroup;
			children = (
				7D93E28425AAB38B00F37364 /* Desk Controller.app */,
			);
			name = Products;
			sourceTree = "<group>";
		};
		7D93E28625AAB38B00F37364 /* Desk Controller */ = {
			isa = PBXGroup;
			children = (
				7D93E28725AAB38B00F37364 /* AppDelegate.swift */,
				7D93E28925AAB38B00F37364 /* ViewController.swift */,
				7D81871F25ABE9FF0076DC19 /* BluetoothManager.swift */,
				7D93E2A325AB244500F37364 /* EventMonitor.swift */,
				7D93E29F25AB203800F37364 /* TouchButton.swift */,
				7D93E29925AAD2D400F37364 /* DeskPeripheral.swift */,
				7D93E29C25AB0BBB00F37364 /* DeskController.swift */,
				7D81872225ABF1500076DC19 /* Extensions.swift */,
				7D93E28B25AAB38D00F37364 /* Assets.xcassets */,
				7D93E28D25AAB38D00F37364 /* Main.storyboard */,
				7D93E29025AAB38D00F37364 /* Info.plist */,
				7D93E29125AAB38D00F37364 /* Desk_Controller.entitlements */,
			);
			path = "Desk Controller";
			sourceTree = "<group>";
		};
/* End PBXGroup section */

/* Begin PBXNativeTarget section */
		7D93E28325AAB38B00F37364 /* Desk Controller */ = {
			isa = PBXNativeTarget;
			buildConfigurationList = 7D93E29425AAB38D00F37364 /* Build configuration list for PBXNativeTarget "Desk Controller" */;
			buildPhases = (
				7D93E28025AAB38B00F37364 /* Sources */,
				7D93E28125AAB38B00F37364 /* Frameworks */,
				7D93E28225AAB38B00F37364 /* Resources */,
			);
			buildRules = (
			);
			dependencies = (
			);
			name = "Desk Controller";
			productName = "Desk Controller";
			productReference = 7D93E28425AAB38B00F37364 /* Desk Controller.app */;
			productType = "com.apple.product-type.application";
		};
/* End PBXNativeTarget section */

/* Begin PBXProject section */
		7D93E27C25AAB38B00F37364 /* Project object */ = {
			isa = PBXProject;
			attributes = {
				LastSwiftUpdateCheck = 1230;
				LastUpgradeCheck = 1230;
				TargetAttributes = {
					7D93E28325AAB38B00F37364 = {
						CreatedOnToolsVersion = 12.3;
					};
				};
			};
			buildConfigurationList = 7D93E27F25AAB38B00F37364 /* Build configuration list for PBXProject "Desk Controller" */;
			compatibilityVersion = "Xcode 9.3";
			developmentRegion = en;
			hasScannedForEncodings = 0;
			knownRegions = (
				en,
				Base,
			);
			mainGroup = 7D93E27B25AAB38B00F37364;
			productRefGroup = 7D93E28525AAB38B00F37364 /* Products */;
			projectDirPath = "";
			projectRoot = "";
			targets = (
				7D93E28325AAB38B00F37364 /* Desk Controller */,
			);
		};
/* End PBXProject section */

/* Begin PBXResourcesBuildPhase section */
		7D93E28225AAB38B00F37364 /* Resources */ = {
			isa = PBXResourcesBuildPhase;
			buildActionMask = 2147483647;
			files = (
				7D93E28C25AAB38D00F37364 /* Assets.xcassets in Resources */,
				7D93E28F25AAB38D00F37364 /* Main.storyboard in Resources */,
			);
			runOnlyForDeploymentPostprocessing = 0;
		};
/* End PBXResourcesBuildPhase section */

/* Begin PBXSourcesBuildPhase section */
		7D93E28025AAB38B00F37364 /* Sources */ = {
			isa = PBXSourcesBuildPhase;
			buildActionMask = 2147483647;
			files = (
				7D93E28A25AAB38B00F37364 /* ViewController.swift in Sources */,
				7D93E29A25AAD2D400F37364 /* DeskPeripheral.swift in Sources */,
				7D93E2A025AB203800F37364 /* TouchButton.swift in Sources */,
				7D81872325ABF1500076DC19 /* Extensions.swift in Sources */,
				7D81872025ABE9FF0076DC19 /* BluetoothManager.swift in Sources */,
				7D93E2A425AB244500F37364 /* EventMonitor.swift in Sources */,
				7D93E29D25AB0BBB00F37364 /* DeskController.swift in Sources */,
				7D93E28825AAB38B00F37364 /* AppDelegate.swift in Sources */,
			);
			runOnlyForDeploymentPostprocessing = 0;
		};
/* End PBXSourcesBuildPhase section */

/* Begin PBXVariantGroup section */
		7D93E28D25AAB38D00F37364 /* Main.storyboard */ = {
			isa = PBXVariantGroup;
			children = (
				7D93E28E25AAB38D00F37364 /* Base */,
			);
			name = Main.storyboard;
			sourceTree = "<group>";
		};
/* End PBXVariantGroup section */

/* Begin XCBuildConfiguration section */
		7D93E29225AAB38D00F37364 /* Debug */ = {
			isa = XCBuildConfiguration;
			buildSettings = {
				ALWAYS_SEARCH_USER_PATHS = NO;
				CLANG_ANALYZER_NONNULL = YES;
				CLANG_ANALYZER_NUMBER_OBJECT_CONVERSION = YES_AGGRESSIVE;
				CLANG_CXX_LANGUAGE_STANDARD = "gnu++14";
				CLANG_CXX_LIBRARY = "libc++";
				CLANG_ENABLE_MODULES = YES;
				CLANG_ENABLE_OBJC_ARC = YES;
				CLANG_ENABLE_OBJC_WEAK = YES;
				CLANG_WARN_BLOCK_CAPTURE_AUTORELEASING = YES;
				CLANG_WARN_BOOL_CONVERSION = YES;
				CLANG_WARN_COMMA = YES;
				CLANG_WARN_CONSTANT_CONVERSION = YES;
				CLANG_WARN_DEPRECATED_OBJC_IMPLEMENTATIONS = YES;
				CLANG_WARN_DIRECT_OBJC_ISA_USAGE = YES_ERROR;
				CLANG_WARN_DOCUMENTATION_COMMENTS = YES;
				CLANG_WARN_EMPTY_BODY = YES;
				CLANG_WARN_ENUM_CONVERSION = YES;
				CLANG_WARN_INFINITE_RECURSION = YES;
				CLANG_WARN_INT_CONVERSION = YES;
				CLANG_WARN_NON_LITERAL_NULL_CONVERSION = YES;
				CLANG_WARN_OBJC_IMPLICIT_RETAIN_SELF = YES;
				CLANG_WARN_OBJC_LITERAL_CONVERSION = YES;
				CLANG_WARN_OBJC_ROOT_CLASS = YES_ERROR;
				CLANG_WARN_QUOTED_INCLUDE_IN_FRAMEWORK_HEADER = YES;
				CLANG_WARN_RANGE_LOOP_ANALYSIS = YES;
				CLANG_WARN_STRICT_PROTOTYPES = YES;
				CLANG_WARN_SUSPICIOUS_MOVE = YES;
				CLANG_WARN_UNGUARDED_AVAILABILITY = YES_AGGRESSIVE;
				CLANG_WARN_UNREACHABLE_CODE = YES;
				CLANG_WARN__DUPLICATE_METHOD_MATCH = YES;
				COPY_PHASE_STRIP = NO;
				DEBUG_INFORMATION_FORMAT = dwarf;
				ENABLE_STRICT_OBJC_MSGSEND = YES;
				ENABLE_TESTABILITY = YES;
				GCC_C_LANGUAGE_STANDARD = gnu11;
				GCC_DYNAMIC_NO_PIC = NO;
				GCC_NO_COMMON_BLOCKS = YES;
				GCC_OPTIMIZATION_LEVEL = 0;
				GCC_PREPROCESSOR_DEFINITIONS = (
					"DEBUG=1",
					"$(inherited)",
				);
				GCC_WARN_64_TO_32_BIT_CONVERSION = YES;
				GCC_WARN_ABOUT_RETURN_TYPE = YES_ERROR;
				GCC_WARN_UNDECLARED_SELECTOR = YES;
				GCC_WARN_UNINITIALIZED_AUTOS = YES_AGGRESSIVE;
				GCC_WARN_UNUSED_FUNCTION = YES;
				GCC_WARN_UNUSED_VARIABLE = YES;
				MACOSX_DEPLOYMENT_TARGET = 10.15;
				MTL_ENABLE_DEBUG_INFO = INCLUDE_SOURCE;
				MTL_FAST_MATH = YES;
				ONLY_ACTIVE_ARCH = YES;
				SDKROOT = macosx;
				SWIFT_ACTIVE_COMPILATION_CONDITIONS = DEBUG;
				SWIFT_OPTIMIZATION_LEVEL = "-Onone";
			};
			name = Debug;
		};
		7D93E29325AAB38D00F37364 /* Release */ = {
			isa = XCBuildConfiguration;
			buildSettings = {
				ALWAYS_SEARCH_USER_PATHS = NO;
				CLANG_ANALYZER_NONNULL = YES;
				CLANG_ANALYZER_NUMBER_OBJECT_CONVERSION = YES_AGGRESSIVE;
				CLANG_CXX_LANGUAGE_STANDARD = "gnu++14";
				CLANG_CXX_LIBRARY = "libc++";
				CLANG_ENABLE_MODULES = YES;
				CLANG_ENABLE_OBJC_ARC = YES;
				CLANG_ENABLE_OBJC_WEAK = YES;
				CLANG_WARN_BLOCK_CAPTURE_AUTORELEASING = YES;
				CLANG_WARN_BOOL_CONVERSION = YES;
				CLANG_WARN_COMMA = YES;
				CLANG_WARN_CONSTANT_CONVERSION = YES;
				CLANG_WARN_DEPRECATED_OBJC_IMPLEMENTATIONS = YES;
				CLANG_WARN_DIRECT_OBJC_ISA_USAGE = YES_ERROR;
				CLANG_WARN_DOCUMENTATION_COMMENTS = YES;
				CLANG_WARN_EMPTY_BODY = YES;
				CLANG_WARN_ENUM_CONVERSION = YES;
				CLANG_WARN_INFINITE_RECURSION = YES;
				CLANG_WARN_INT_CONVERSION = YES;
				CLANG_WARN_NON_LITERAL_NULL_CONVERSION = YES;
				CLANG_WARN_OBJC_IMPLICIT_RETAIN_SELF = YES;
				CLANG_WARN_OBJC_LITERAL_CONVERSION = YES;
				CLANG_WARN_OBJC_ROOT_CLASS = YES_ERROR;
				CLANG_WARN_QUOTED_INCLUDE_IN_FRAMEWORK_HEADER = YES;
				CLANG_WARN_RANGE_LOOP_ANALYSIS = YES;
				CLANG_WARN_STRICT_PROTOTYPES = YES;
				CLANG_WARN_SUSPICIOUS_MOVE = YES;
				CLANG_WARN_UNGUARDED_AVAILABILITY = YES_AGGRESSIVE;
				CLANG_WARN_UNREACHABLE_CODE = YES;
				CLANG_WARN__DUPLICATE_METHOD_MATCH = YES;
				COPY_PHASE_STRIP = NO;
				DEBUG_INFORMATION_FORMAT = "dwarf-with-dsym";
				ENABLE_NS_ASSERTIONS = NO;
				ENABLE_STRICT_OBJC_MSGSEND = YES;
				GCC_C_LANGUAGE_STANDARD = gnu11;
				GCC_NO_COMMON_BLOCKS = YES;
				GCC_WARN_64_TO_32_BIT_CONVERSION = YES;
				GCC_WARN_ABOUT_RETURN_TYPE = YES_ERROR;
				GCC_WARN_UNDECLARED_SELECTOR = YES;
				GCC_WARN_UNINITIALIZED_AUTOS = YES_AGGRESSIVE;
				GCC_WARN_UNUSED_FUNCTION = YES;
				GCC_WARN_UNUSED_VARIABLE = YES;
				MACOSX_DEPLOYMENT_TARGET = 10.15;
				MTL_ENABLE_DEBUG_INFO = NO;
				MTL_FAST_MATH = YES;
				SDKROOT = macosx;
				SWIFT_COMPILATION_MODE = wholemodule;
				SWIFT_OPTIMIZATION_LEVEL = "-O";
			};
			name = Release;
		};
		7D93E29525AAB38D00F37364 /* Debug */ = {
			isa = XCBuildConfiguration;
			buildSettings = {
				ASSETCATALOG_COMPILER_APPICON_NAME = AppIcon;
				ASSETCATALOG_COMPILER_GLOBAL_ACCENT_COLOR_NAME = AccentColor;
				CODE_SIGN_ENTITLEMENTS = "Desk Controller/Desk_Controller.entitlements";
				CODE_SIGN_STYLE = Automatic;
				COMBINE_HIDPI_IMAGES = YES;
				DEVELOPMENT_TEAM = 3P725D2V7A;
				ENABLE_HARDENED_RUNTIME = YES;
				INFOPLIST_FILE = "Desk Controller/Info.plist";
				LD_RUNPATH_SEARCH_PATHS = (
					"$(inherited)",
					"@executable_path/../Frameworks",
				);
				PRODUCT_BUNDLE_IDENTIFIER = "com.davidwilliames.Desk-Controller";
				PRODUCT_NAME = "$(TARGET_NAME)";
				SWIFT_VERSION = 5.0;
			};
			name = Debug;
		};
		7D93E29625AAB38D00F37364 /* Release */ = {
			isa = XCBuildConfiguration;
			buildSettings = {
				ASSETCATALOG_COMPILER_APPICON_NAME = AppIcon;
				ASSETCATALOG_COMPILER_GLOBAL_ACCENT_COLOR_NAME = AccentColor;
				CODE_SIGN_ENTITLEMENTS = "Desk Controller/Desk_Controller.entitlements";
				CODE_SIGN_STYLE = Automatic;
				COMBINE_HIDPI_IMAGES = YES;
				DEVELOPMENT_TEAM = 3P725D2V7A;
				ENABLE_HARDENED_RUNTIME = YES;
				INFOPLIST_FILE = "Desk Controller/Info.plist";
				LD_RUNPATH_SEARCH_PATHS = (
					"$(inherited)",
					"@executable_path/../Frameworks",
				);
				PRODUCT_BUNDLE_IDENTIFIER = "com.davidwilliames.Desk-Controller";
				PRODUCT_NAME = "$(TARGET_NAME)";
				SWIFT_VERSION = 5.0;
			};
			name = Release;
		};
/* End XCBuildConfiguration section */

/* Begin XCConfigurationList section */
		7D93E27F25AAB38B00F37364 /* Build configuration list for PBXProject "Desk Controller" */ = {
			isa = XCConfigurationList;
			buildConfigurations = (
				7D93E29225AAB38D00F37364 /* Debug */,
				7D93E29325AAB38D00F37364 /* Release */,
			);
			defaultConfigurationIsVisible = 0;
			defaultConfigurationName = Release;
		};
		7D93E29425AAB38D00F37364 /* Build configuration list for PBXNativeTarget "Desk Controller" */ = {
			isa = XCConfigurationList;
			buildConfigurations = (
				7D93E29525AAB38D00F37364 /* Debug */,
				7D93E29625AAB38D00F37364 /* Release */,
			);
			defaultConfigurationIsVisible = 0;
			defaultConfigurationName = Release;
		};
/* End XCConfigurationList section */
	};
	rootObject = 7D93E27C25AAB38B00F37364 /* Project object */;
}
